# generated by rye
# use `rye lock` or `rye sync` to update this lockfile
#
# last locked with the following flags:
#   pre: false
#   features: []
#   all-features: false
#   with-sources: false
#   generate-hashes: false

-e file:.
certifi==2024.8.30
    # via requests
charset-normalizer==3.4.0
    # via requests
idna==3.10
    # via requests
numpy==1.22.3
    # via meteobeguda-etl
    # via pandas
pandas==1.4.2
    # via meteobeguda-etl
python-dateutil==2.9.0.post0
    # via pandas
pytz==2024.2
    # via pandas
requests==2.32.3
    # via meteobeguda-etl
six==1.16.0
    # via python-dateutil
urllib3==2.2.3
    # via requests
